
Microsoft Visual Studio Solution File, Format Version 12.00
# Visual Studio 2012
Project("{FAE04EC0-301F-11D3-BF4B-00C04F79EFBC}") = "ZiMB.Hurricane", "ZiMB.Hurricane\ZiMB.Hurricane.csproj", "{63ACECA3-DF0A-4C07-993F-AF04AD433BF8}"
EndProject
Project("{2150E333-8FDC-42A3-9474-1A3956D46DE8}") = ".nuget", ".nuget", "{6E7343BE-6FDC-4797-83CC-4D777078D23B}"
	ProjectSection(SolutionItems) = preProject
		.nuget\packages.config = .nuget\packages.config
	EndProjectSection
EndProject
Global
	GlobalSection(SolutionConfigurationPlatforms) = preSolution
		Debug|Any CPU = Debug|Any CPU
		Release|Any CPU = Release|Any CPU
	EndGlobalSection
	GlobalSection(ProjectConfigurationPlatforms) = postSolution
		{63ACECA3-DF0A-4C07-993F-AF04AD433BF8}.Debug|Any CPU.ActiveCfg = Debug|Any CPU
		{63ACECA3-DF0A-4C07-993F-AF04AD433BF8}.Debug|Any CPU.Build.0 = Debug|Any CPU
		{63ACECA3-DF0A-4C07-993F-AF04AD433BF8}.Release|Any CPU.ActiveCfg = Release|Any CPU
		{63ACECA3-DF0A-4C07-993F-AF04AD433BF8}.Release|Any CPU.Build.0 = Release|Any CPU
	EndGlobalSection
	GlobalSection(SolutionProperties) = preSolution
		HideSolutionNode = FALSE
	EndGlobalSection
EndGlobal
